// !$*UTF8*$!
{
	archiveVersion = 1;
	classes = {
	};
	objectVersion = 46;
	objects = {

/* Begin PBXBuildFile section */
		AF75151D1A7F86440003FE5B /* main.cpp in Sources */ = {isa = PBXBuildFile; fileRef = AF75151C1A7F86440003FE5B /* main.cpp */; };
		AF99E4711A933B4F006D94C4 /* main.cpp in Sources */ = {isa = PBXBuildFile; fileRef = AF99E4701A933B4F006D94C4 /* main.cpp */; };
		AF99E47A1A93959C006D94C4 /* QueryParser.cpp in Sources */ = {isa = PBXBuildFile; fileRef = AF99E4781A93959C006D94C4 /* QueryParser.cpp */; };
		AF99E47F1A939EA3006D94C4 /* Scanner.cpp in Sources */ = {isa = PBXBuildFile; fileRef = AF99E47E1A939EA3006D94C4 /* Scanner.cpp */; };
/* End PBXBuildFile section */

/* Begin PBXCopyFilesBuildPhase section */
		AF7515171A7F86440003FE5B /* CopyFiles */ = {
			isa = PBXCopyFilesBuildPhase;
			buildActionMask = 2147483647;
			dstPath = /usr/share/man/man1/;
			dstSubfolderSpec = 0;
			files = (
			);
			runOnlyForDeploymentPostprocessing = 1;
		};
		AF99E46C1A933B4F006D94C4 /* CopyFiles */ = {
			isa = PBXCopyFilesBuildPhase;
			buildActionMask = 2147483647;
			dstPath = /usr/share/man/man1/;
			dstSubfolderSpec = 0;
			files = (
			);
			runOnlyForDeploymentPostprocessing = 1;
		};
/* End PBXCopyFilesBuildPhase section */

/* Begin PBXFileReference section */
		AF14C2411A9202DB00A4AEEF /* LeftAssociativity.h */ = {isa = PBXFileReference; lastKnownFileType = sourcecode.c.h; name = LeftAssociativity.h; path = rule/rules/LeftAssociativity.h; sourceTree = "<group>"; };
		AF14C2421A92040100A4AEEF /* BasicRuleSet.h */ = {isa = PBXFileReference; lastKnownFileType = sourcecode.c.h; name = BasicRuleSet.h; path = rule/rulesets/BasicRuleSet.h; sourceTree = "<group>"; };
		AF7515191A7F86440003FE5B /* RuleBasedOptimizer */ = {isa = PBXFileReference; explicitFileType = "compiled.mach-o.executable"; includeInIndex = 0; path = RuleBasedOptimizer; sourceTree = BUILT_PRODUCTS_DIR; };
		AF75151C1A7F86440003FE5B /* main.cpp */ = {isa = PBXFileReference; lastKnownFileType = sourcecode.cpp.cpp; path = main.cpp; sourceTree = "<group>"; };
		AF99E4631A9287DB006D94C4 /* EquivalenceClass.h */ = {isa = PBXFileReference; lastKnownFileType = sourcecode.c.h; name = EquivalenceClass.h; path = plan/standard/EquivalenceClass.h; sourceTree = "<group>"; };
		AF99E4641A929CBB006D94C4 /* PlanNode.h */ = {isa = PBXFileReference; lastKnownFileType = sourcecode.c.h; name = PlanNode.h; path = plan/standard/PlanNode.h; sourceTree = "<group>"; };
		AF99E4661A92A00C006D94C4 /* Bitvector.h */ = {isa = PBXFileReference; lastKnownFileType = sourcecode.c.h; name = Bitvector.h; path = plan/standard/Bitvector.h; sourceTree = "<group>"; };
		AF99E46E1A933B4F006D94C4 /* standardplantest */ = {isa = PBXFileReference; explicitFileType = "compiled.mach-o.executable"; includeInIndex = 0; path = standardplantest; sourceTree = BUILT_PRODUCTS_DIR; };
		AF99E4701A933B4F006D94C4 /* main.cpp */ = {isa = PBXFileReference; lastKnownFileType = sourcecode.cpp.cpp; name = main.cpp; path = plan/main.cpp; sourceTree = "<group>"; };
		AF99E4751A93672B006D94C4 /* Operator.h */ = {isa = PBXFileReference; lastKnownFileType = sourcecode.c.h; name = Operator.h; path = op/Operator.h; sourceTree = "<group>"; };
		AF99E4761A936786006D94C4 /* Join.h */ = {isa = PBXFileReference; lastKnownFileType = sourcecode.c.h; name = Join.h; path = op/Join.h; sourceTree = "<group>"; };
		AF99E4771A9379F0006D94C4 /* PlanParser.h */ = {isa = PBXFileReference; lastKnownFileType = sourcecode.c.h; name = PlanParser.h; path = qcon/PlanParser.h; sourceTree = "<group>"; };
		AF99E4781A93959C006D94C4 /* QueryParser.cpp */ = {isa = PBXFileReference; fileEncoding = 4; lastKnownFileType = sourcecode.cpp.cpp; name = QueryParser.cpp; path = qcon/QueryParser.cpp; sourceTree = "<group>"; };
		AF99E4791A93959C006D94C4 /* QueryParser.h */ = {isa = PBXFileReference; fileEncoding = 4; lastKnownFileType = sourcecode.c.h; name = QueryParser.h; path = qcon/QueryParser.h; sourceTree = "<group>"; };
		AF99E47B1A93964D006D94C4 /* Exceptions.h */ = {isa = PBXFileReference; lastKnownFileType = sourcecode.c.h; name = Exceptions.h; path = infra/Exceptions.h; sourceTree = "<group>"; };
		AF99E47C1A939673006D94C4 /* Scanner.h */ = {isa = PBXFileReference; lastKnownFileType = sourcecode.c.h; name = Scanner.h; path = qcon/Scanner.h; sourceTree = "<group>"; };
		AF99E47D1A939D0D006D94C4 /* Types.h */ = {isa = PBXFileReference; lastKnownFileType = sourcecode.c.h; name = Types.h; path = infra/Types.h; sourceTree = "<group>"; };
		AF99E47E1A939EA3006D94C4 /* Scanner.cpp */ = {isa = PBXFileReference; fileEncoding = 4; lastKnownFileType = sourcecode.cpp.cpp; name = Scanner.cpp; path = infra/Scanner.cpp; sourceTree = "<group>"; };
		AF99E4801A93B0B0006D94C4 /* testJoin */ = {isa = PBXFileReference; lastKnownFileType = text; name = testJoin; path = queries/testJoin; sourceTree = "<group>"; };
		AFECC5BC1A8D011A00FA9D84 /* BitvectorSmall.h */ = {isa = PBXFileReference; lastKnownFileType = sourcecode.c.h; name = BitvectorSmall.h; path = infra/BitvectorSmall.h; sourceTree = "<group>"; };
		AFECC5BD1A8D011A00FA9D84 /* Hasher.h */ = {isa = PBXFileReference; lastKnownFileType = sourcecode.c.h; name = Hasher.h; path = infra/Hasher.h; sourceTree = "<group>"; };
		AFECC5BE1A8D011A00FA9D84 /* Reservoir.h */ = {isa = PBXFileReference; lastKnownFileType = sourcecode.c.h; name = Reservoir.h; path = infra/Reservoir.h; sourceTree = "<group>"; };
		AFECC5C81A8D03D100FA9D84 /* Commutativity.h */ = {isa = PBXFileReference; lastKnownFileType = sourcecode.c.h; name = Commutativity.h; path = rule/rules/Commutativity.h; sourceTree = "<group>"; };
		AFECC5CA1A8D041E00FA9D84 /* Rule.h */ = {isa = PBXFileReference; lastKnownFileType = sourcecode.c.h; name = Rule.h; path = rule/rules/Rule.h; sourceTree = "<group>"; };
/* End PBXFileReference section */

/* Begin PBXFrameworksBuildPhase section */
		AF7515161A7F86440003FE5B /* Frameworks */ = {
			isa = PBXFrameworksBuildPhase;
			buildActionMask = 2147483647;
			files = (
			);
			runOnlyForDeploymentPostprocessing = 0;
		};
		AF99E46B1A933B4F006D94C4 /* Frameworks */ = {
			isa = PBXFrameworksBuildPhase;
			buildActionMask = 2147483647;
			files = (
			);
			runOnlyForDeploymentPostprocessing = 0;
		};
/* End PBXFrameworksBuildPhase section */

/* Begin PBXGroup section */
		AF14C1D91A91F35000A4AEEF /* tests */ = {
			isa = PBXGroup;
			children = (
			);
			name = tests;
			sourceTree = "<group>";
		};
		AF7515101A7F86430003FE5B = {
			isa = PBXGroup;
			children = (
				AF75151B1A7F86440003FE5B /* RuleBasedOptimizer */,
				AF75151A1A7F86440003FE5B /* Products */,
			);
			sourceTree = "<group>";
		};
		AF75151A1A7F86440003FE5B /* Products */ = {
			isa = PBXGroup;
			children = (
				AF7515191A7F86440003FE5B /* RuleBasedOptimizer */,
				AF99E46E1A933B4F006D94C4 /* standardplantest */,
			);
			name = Products;
			sourceTree = "<group>";
		};
		AF75151B1A7F86440003FE5B /* RuleBasedOptimizer */ = {
			isa = PBXGroup;
			children = (
				AF14C1D91A91F35000A4AEEF /* tests */,
				AFECC5B21A8D007D00FA9D84 /* infra */,
				AFECC5B11A8D007300FA9D84 /* op */,
				AFECC5B51A8D00A100FA9D84 /* rule */,
				AFECC5B41A8D009500FA9D84 /* pg */,
				AFECC5B31A8D008500FA9D84 /* qcon */,
				AFECC5B01A8D006B00FA9D84 /* plan */,
				AF75151C1A7F86440003FE5B /* main.cpp */,
				AF99E4801A93B0B0006D94C4 /* testJoin */,
			);
			path = RuleBasedOptimizer;
			sourceTree = "<group>";
		};
		AF99E4671A933AB7006D94C4 /* standard */ = {
			isa = PBXGroup;
			children = (
				AF99E4701A933B4F006D94C4 /* main.cpp */,
				AF99E4631A9287DB006D94C4 /* EquivalenceClass.h */,
				AF99E4641A929CBB006D94C4 /* PlanNode.h */,
				AF99E4661A92A00C006D94C4 /* Bitvector.h */,
				AF99E4771A9379F0006D94C4 /* PlanParser.h */,
			);
			name = standard;
			sourceTree = "<group>";
		};
		AFECC5B01A8D006B00FA9D84 /* plan */ = {
			isa = PBXGroup;
			children = (
				AF99E4671A933AB7006D94C4 /* standard */,
			);
			name = plan;
			sourceTree = "<group>";
		};
		AFECC5B11A8D007300FA9D84 /* op */ = {
			isa = PBXGroup;
			children = (
				AF99E4751A93672B006D94C4 /* Operator.h */,
				AF99E4761A936786006D94C4 /* Join.h */,
			);
			name = op;
			sourceTree = "<group>";
		};
		AFECC5B21A8D007D00FA9D84 /* infra */ = {
			isa = PBXGroup;
			children = (
				AFECC5BC1A8D011A00FA9D84 /* BitvectorSmall.h */,
				AFECC5BD1A8D011A00FA9D84 /* Hasher.h */,
				AFECC5BE1A8D011A00FA9D84 /* Reservoir.h */,
				AF99E47B1A93964D006D94C4 /* Exceptions.h */,
				AF99E47C1A939673006D94C4 /* Scanner.h */,
				AF99E47D1A939D0D006D94C4 /* Types.h */,
				AF99E47E1A939EA3006D94C4 /* Scanner.cpp */,
			);
			name = infra;
			sourceTree = "<group>";
		};
		AFECC5B31A8D008500FA9D84 /* qcon */ = {
			isa = PBXGroup;
			children = (
				AF99E4781A93959C006D94C4 /* QueryParser.cpp */,
				AF99E4791A93959C006D94C4 /* QueryParser.h */,
			);
			name = qcon;
			sourceTree = "<group>";
		};
		AFECC5B41A8D009500FA9D84 /* pg */ = {
			isa = PBXGroup;
			children = (
			);
			name = pg;
			sourceTree = "<group>";
		};
		AFECC5B51A8D00A100FA9D84 /* rule */ = {
			isa = PBXGroup;
			children = (
				AFECC5B71A8D00B600FA9D84 /* rules */,
				AFECC5B61A8D00AB00FA9D84 /* rulesets */,
			);
			name = rule;
			sourceTree = "<group>";
		};
		AFECC5B61A8D00AB00FA9D84 /* rulesets */ = {
			isa = PBXGroup;
			children = (
				AF14C2421A92040100A4AEEF /* BasicRuleSet.h */,
			);
			name = rulesets;
			sourceTree = "<group>";
		};
		AFECC5B71A8D00B600FA9D84 /* rules */ = {
			isa = PBXGroup;
			children = (
				AFECC5C81A8D03D100FA9D84 /* Commutativity.h */,
				AFECC5CA1A8D041E00FA9D84 /* Rule.h */,
				AF14C2411A9202DB00A4AEEF /* LeftAssociativity.h */,
			);
			name = rules;
			sourceTree = "<group>";
		};
/* End PBXGroup section */

/* Begin PBXNativeTarget section */
		AF7515181A7F86440003FE5B /* RuleBasedOptimizer */ = {
			isa = PBXNativeTarget;
			buildConfigurationList = AF7515201A7F86440003FE5B /* Build configuration list for PBXNativeTarget "RuleBasedOptimizer" */;
			buildPhases = (
				AF7515151A7F86440003FE5B /* Sources */,
				AF7515161A7F86440003FE5B /* Frameworks */,
				AF7515171A7F86440003FE5B /* CopyFiles */,
			);
			buildRules = (
			);
			dependencies = (
			);
			name = RuleBasedOptimizer;
			productName = RuleBasedOptimizer;
			productReference = AF7515191A7F86440003FE5B /* RuleBasedOptimizer */;
			productType = "com.apple.product-type.tool";
		};
		AF99E46D1A933B4F006D94C4 /* standardplantest */ = {
			isa = PBXNativeTarget;
			buildConfigurationList = AF99E4721A933B4F006D94C4 /* Build configuration list for PBXNativeTarget "standardplantest" */;
			buildPhases = (
				AF99E46A1A933B4F006D94C4 /* Sources */,
				AF99E46B1A933B4F006D94C4 /* Frameworks */,
				AF99E46C1A933B4F006D94C4 /* CopyFiles */,
			);
			buildRules = (
			);
			dependencies = (
			);
			name = standardplantest;
			productName = standardplantest;
			productReference = AF99E46E1A933B4F006D94C4 /* standardplantest */;
			productType = "com.apple.product-type.tool";
		};
/* End PBXNativeTarget section */

/* Begin PBXProject section */
		AF7515111A7F86440003FE5B /* Project object */ = {
			isa = PBXProject;
			attributes = {
				LastUpgradeCheck = 0610;
				ORGANIZATIONNAME = "Christian Deckert";
				TargetAttributes = {
					AF7515181A7F86440003FE5B = {
						CreatedOnToolsVersion = 6.1.1;
					};
					AF99E46D1A933B4F006D94C4 = {
						CreatedOnToolsVersion = 6.1.1;
					};
				};
			};
			buildConfigurationList = AF7515141A7F86440003FE5B /* Build configuration list for PBXProject "RuleBasedOptimizer" */;
			compatibilityVersion = "Xcode 3.2";
			developmentRegion = English;
			hasScannedForEncodings = 0;
			knownRegions = (
				en,
			);
			mainGroup = AF7515101A7F86430003FE5B;
			productRefGroup = AF75151A1A7F86440003FE5B /* Products */;
			projectDirPath = "";
			projectRoot = "";
			targets = (
				AF7515181A7F86440003FE5B /* RuleBasedOptimizer */,
				AF99E46D1A933B4F006D94C4 /* standardplantest */,
			);
		};
/* End PBXProject section */

/* Begin PBXSourcesBuildPhase section */
		AF7515151A7F86440003FE5B /* Sources */ = {
			isa = PBXSourcesBuildPhase;
			buildActionMask = 2147483647;
			files = (
				AF99E47F1A939EA3006D94C4 /* Scanner.cpp in Sources */,
				AF75151D1A7F86440003FE5B /* main.cpp in Sources */,
				AF99E47A1A93959C006D94C4 /* QueryParser.cpp in Sources */,
			);
			runOnlyForDeploymentPostprocessing = 0;
		};
		AF99E46A1A933B4F006D94C4 /* Sources */ = {
			isa = PBXSourcesBuildPhase;
			buildActionMask = 2147483647;
			files = (
				AF99E4711A933B4F006D94C4 /* main.cpp in Sources */,
			);
			runOnlyForDeploymentPostprocessing = 0;
		};
/* End PBXSourcesBuildPhase section */

/* Begin XCBuildConfiguration section */
		AF75151E1A7F86440003FE5B /* Debug */ = {
			isa = XCBuildConfiguration;
			buildSettings = {
				ALWAYS_SEARCH_USER_PATHS = NO;
				CLANG_CXX_LANGUAGE_STANDARD = "c++0x";
				CLANG_CXX_LIBRARY = "libc++";
				CLANG_ENABLE_MODULES = YES;
				CLANG_ENABLE_OBJC_ARC = YES;
				CLANG_WARN_BOOL_CONVERSION = YES;
				CLANG_WARN_CONSTANT_CONVERSION = YES;
				CLANG_WARN_DIRECT_OBJC_ISA_USAGE = YES_ERROR;
				CLANG_WARN_EMPTY_BODY = YES;
				CLANG_WARN_ENUM_CONVERSION = YES;
				CLANG_WARN_INT_CONVERSION = YES;
				CLANG_WARN_OBJC_ROOT_CLASS = YES_ERROR;
				CLANG_WARN_UNREACHABLE_CODE = YES;
				CLANG_WARN__DUPLICATE_METHOD_MATCH = YES;
				COPY_PHASE_STRIP = NO;
				ENABLE_STRICT_OBJC_MSGSEND = YES;
				GCC_C_LANGUAGE_STANDARD = gnu99;
				GCC_DYNAMIC_NO_PIC = NO;
				GCC_OPTIMIZATION_LEVEL = 0;
				GCC_PREPROCESSOR_DEFINITIONS = (
					"DEBUG=1",
					"$(inherited)",
				);
				GCC_SYMBOLS_PRIVATE_EXTERN = NO;
				GCC_WARN_64_TO_32_BIT_CONVERSION = YES;
				GCC_WARN_ABOUT_RETURN_TYPE = YES_ERROR;
				GCC_WARN_UNDECLARED_SELECTOR = YES;
				GCC_WARN_UNINITIALIZED_AUTOS = YES_AGGRESSIVE;
				GCC_WARN_UNUSED_FUNCTION = YES;
				GCC_WARN_UNUSED_VARIABLE = YES;
				MACOSX_DEPLOYMENT_TARGET = 10.10;
				MTL_ENABLE_DEBUG_INFO = YES;
				ONLY_ACTIVE_ARCH = YES;
				SDKROOT = macosx;
			};
			name = Debug;
		};
		AF75151F1A7F86440003FE5B /* Release */ = {
			isa = XCBuildConfiguration;
			buildSettings = {
				ALWAYS_SEARCH_USER_PATHS = NO;
				CLANG_CXX_LANGUAGE_STANDARD = "c++0x";
				CLANG_CXX_LIBRARY = "libc++";
				CLANG_ENABLE_MODULES = YES;
				CLANG_ENABLE_OBJC_ARC = YES;
				CLANG_WARN_BOOL_CONVERSION = YES;
				CLANG_WARN_CONSTANT_CONVERSION = YES;
				CLANG_WARN_DIRECT_OBJC_ISA_USAGE = YES_ERROR;
				CLANG_WARN_EMPTY_BODY = YES;
				CLANG_WARN_ENUM_CONVERSION = YES;
				CLANG_WARN_INT_CONVERSION = YES;
				CLANG_WARN_OBJC_ROOT_CLASS = YES_ERROR;
				CLANG_WARN_UNREACHABLE_CODE = YES;
				CLANG_WARN__DUPLICATE_METHOD_MATCH = YES;
				COPY_PHASE_STRIP = YES;
				DEBUG_INFORMATION_FORMAT = "dwarf-with-dsym";
				ENABLE_NS_ASSERTIONS = NO;
				ENABLE_STRICT_OBJC_MSGSEND = YES;
				GCC_C_LANGUAGE_STANDARD = gnu99;
				GCC_WARN_64_TO_32_BIT_CONVERSION = YES;
				GCC_WARN_ABOUT_RETURN_TYPE = YES_ERROR;
				GCC_WARN_UNDECLARED_SELECTOR = YES;
				GCC_WARN_UNINITIALIZED_AUTOS = YES_AGGRESSIVE;
				GCC_WARN_UNUSED_FUNCTION = YES;
				GCC_WARN_UNUSED_VARIABLE = YES;
				MACOSX_DEPLOYMENT_TARGET = 10.10;
				MTL_ENABLE_DEBUG_INFO = NO;
				SDKROOT = macosx;
			};
			name = Release;
		};
		AF7515211A7F86440003FE5B /* Debug */ = {
			isa = XCBuildConfiguration;
			buildSettings = {
				PRODUCT_NAME = "$(TARGET_NAME)";
			};
			name = Debug;
		};
		AF7515221A7F86440003FE5B /* Release */ = {
			isa = XCBuildConfiguration;
			buildSettings = {
				PRODUCT_NAME = "$(TARGET_NAME)";
			};
			name = Release;
		};
		AF99E4731A933B4F006D94C4 /* Debug */ = {
			isa = XCBuildConfiguration;
			buildSettings = {
				CLANG_CXX_LANGUAGE_STANDARD = "gnu++0x";
				GCC_PREPROCESSOR_DEFINITIONS = (
					"DEBUG=1",
					"$(inherited)",
				);
				PRODUCT_NAME = "$(TARGET_NAME)";
			};
			name = Debug;
		};
		AF99E4741A933B4F006D94C4 /* Release */ = {
			isa = XCBuildConfiguration;
			buildSettings = {
				CLANG_CXX_LANGUAGE_STANDARD = "gnu++0x";
				PRODUCT_NAME = "$(TARGET_NAME)";
			};
			name = Release;
		};
/* End XCBuildConfiguration section */

/* Begin XCConfigurationList section */
		AF7515141A7F86440003FE5B /* Build configuration list for PBXProject "RuleBasedOptimizer" */ = {
			isa = XCConfigurationList;
			buildConfigurations = (
				AF75151E1A7F86440003FE5B /* Debug */,
				AF75151F1A7F86440003FE5B /* Release */,
			);
			defaultConfigurationIsVisible = 0;
			defaultConfigurationName = Release;
		};
		AF7515201A7F86440003FE5B /* Build configuration list for PBXNativeTarget "RuleBasedOptimizer" */ = {
			isa = XCConfigurationList;
			buildConfigurations = (
				AF7515211A7F86440003FE5B /* Debug */,
				AF7515221A7F86440003FE5B /* Release */,
			);
			defaultConfigurationIsVisible = 0;
			defaultConfigurationName = Release;
		};
		AF99E4721A933B4F006D94C4 /* Build configuration list for PBXNativeTarget "standardplantest" */ = {
			isa = XCConfigurationList;
			buildConfigurations = (
				AF99E4731A933B4F006D94C4 /* Debug */,
				AF99E4741A933B4F006D94C4 /* Release */,
			);
			defaultConfigurationIsVisible = 0;
			defaultConfigurationName = Release;
		};
/* End XCConfigurationList section */
	};
	rootObject = AF7515111A7F86440003FE5B /* Project object */;
}
