// !$*UTF8*$!
{
	archiveVersion = 1;
	classes = {
	};
	objectVersion = 46;
	objects = {

/* Begin PBXBuildFile section */
		AF07D15A1AD3CF620020A35A /* DotParser.cpp in Sources */ = {isa = PBXBuildFile; fileRef = AF07D1581AD3CF620020A35A /* DotParser.cpp */; };
		AF75151D1A7F86440003FE5B /* main.cpp in Sources */ = {isa = PBXBuildFile; fileRef = AF75151C1A7F86440003FE5B /* main.cpp */; };
		AF865C1D1AC2C05A00D301D9 /* json11.cpp in Sources */ = {isa = PBXBuildFile; fileRef = AF865C1B1AC2C05A00D301D9 /* json11.cpp */; };
		AFE455CA1ADEBF500064F8CF /* Stopwatch.cpp in Sources */ = {isa = PBXBuildFile; fileRef = AFE455C81ADEBF500064F8CF /* Stopwatch.cpp */; };
/* End PBXBuildFile section */

/* Begin PBXCopyFilesBuildPhase section */
		AF7515171A7F86440003FE5B /* CopyFiles */ = {
			isa = PBXCopyFilesBuildPhase;
			buildActionMask = 2147483647;
			dstPath = /usr/share/man/man1/;
			dstSubfolderSpec = 0;
			files = (
			);
			runOnlyForDeploymentPostprocessing = 1;
		};
		AF99E46C1A933B4F006D94C4 /* CopyFiles */ = {
			isa = PBXCopyFilesBuildPhase;
			buildActionMask = 2147483647;
			dstPath = /usr/share/man/man1/;
			dstSubfolderSpec = 0;
			files = (
			);
			runOnlyForDeploymentPostprocessing = 1;
		};
/* End PBXCopyFilesBuildPhase section */

/* Begin PBXFileReference section */
		AF07D1581AD3CF620020A35A /* DotParser.cpp */ = {isa = PBXFileReference; fileEncoding = 4; lastKnownFileType = sourcecode.cpp.cpp; name = DotParser.cpp; path = adaptor/DotParser.cpp; sourceTree = "<group>"; };
		AF07D1591AD3CF620020A35A /* DotParser.h */ = {isa = PBXFileReference; fileEncoding = 4; lastKnownFileType = sourcecode.c.h; name = DotParser.h; path = adaptor/DotParser.h; sourceTree = "<group>"; };
		AF07D15C1AD3DD9E0020A35A /* CostEstimator.h */ = {isa = PBXFileReference; lastKnownFileType = sourcecode.c.h; name = CostEstimator.h; path = cost/CostEstimator.h; sourceTree = "<group>"; };
		AF14C2411A9202DB00A4AEEF /* LeftAssociativity.h */ = {isa = PBXFileReference; lastKnownFileType = sourcecode.c.h; name = LeftAssociativity.h; path = rule/rules/standard/LeftAssociativity.h; sourceTree = "<group>"; };
		AF14C2421A92040100A4AEEF /* RuleSet.h */ = {isa = PBXFileReference; lastKnownFileType = sourcecode.c.h; name = RuleSet.h; path = rule/rulesets/RuleSet.h; sourceTree = "<group>"; };
		AF14C2471A95FF7C00A4AEEF /* ExhaustiveTransformation.h */ = {isa = PBXFileReference; lastKnownFileType = sourcecode.c.h; name = ExhaustiveTransformation.h; path = rule/ExhaustiveTransformation.h; sourceTree = "<group>"; usesTabs = 1; };
		AF3B90A51AA2733900468CB5 /* RS_B1.h */ = {isa = PBXFileReference; lastKnownFileType = sourcecode.c.h; name = RS_B1.h; path = rule/rulesets/RS_B1.h; sourceTree = "<group>"; };
		AF5E20F81AFB60A40065A26D /* easylogging++.h */ = {isa = PBXFileReference; lastKnownFileType = sourcecode.c.h; name = "easylogging++.h"; path = "lib/Easylogging/easylogging++.h"; sourceTree = "<group>"; };
		AF6883841A9CB17300B6D1D7 /* RS_B0.h */ = {isa = PBXFileReference; lastKnownFileType = sourcecode.c.h; name = RS_B0.h; path = rule/rulesets/RS_B0.h; sourceTree = "<group>"; };
		AF6AE2DF1AE4F2FF00BDBC5F /* Configurator.h */ = {isa = PBXFileReference; fileEncoding = 4; lastKnownFileType = sourcecode.c.h; name = Configurator.h; path = infra/Configurator.h; sourceTree = "<group>"; };
		AF6AE2E11AE4F85700BDBC5F /* Configuration.h */ = {isa = PBXFileReference; lastKnownFileType = sourcecode.c.h; name = Configuration.h; path = infra/Configuration.h; sourceTree = "<group>"; };
		AF7515191A7F86440003FE5B /* RuleBasedOptimizer */ = {isa = PBXFileReference; explicitFileType = "compiled.mach-o.executable"; includeInIndex = 0; path = RuleBasedOptimizer; sourceTree = BUILT_PRODUCTS_DIR; };
		AF75151C1A7F86440003FE5B /* main.cpp */ = {isa = PBXFileReference; lastKnownFileType = sourcecode.cpp.cpp; path = main.cpp; sourceTree = "<group>"; usesTabs = 1; };
		AF7A36951AF0E9BB001A6AEA /* GraphRuleSet.h */ = {isa = PBXFileReference; lastKnownFileType = sourcecode.c.h; path = GraphRuleSet.h; sourceTree = "<group>"; };
		AF8222BF1AC425E600861B51 /* DotAdaptor.h */ = {isa = PBXFileReference; lastKnownFileType = sourcecode.c.h; name = DotAdaptor.h; path = adaptor/DotAdaptor.h; sourceTree = "<group>"; };
		AF8222C01AC5E2D000861B51 /* StringAdaptor.h */ = {isa = PBXFileReference; lastKnownFileType = sourcecode.c.h; name = StringAdaptor.h; path = adaptor/StringAdaptor.h; sourceTree = "<group>"; usesTabs = 1; };
		AF865C181AC2BE7A00D301D9 /* JSONAdaptor.h */ = {isa = PBXFileReference; lastKnownFileType = sourcecode.c.h; name = JSONAdaptor.h; path = adaptor/JSONAdaptor.h; sourceTree = "<group>"; };
		AF865C1B1AC2C05A00D301D9 /* json11.cpp */ = {isa = PBXFileReference; fileEncoding = 4; lastKnownFileType = sourcecode.cpp.cpp; name = json11.cpp; path = lib/json11/json11.cpp; sourceTree = "<group>"; };
		AF865C1C1AC2C05A00D301D9 /* json11.hpp */ = {isa = PBXFileReference; fileEncoding = 4; lastKnownFileType = sourcecode.cpp.h; name = json11.hpp; path = lib/json11/json11.hpp; sourceTree = "<group>"; };
		AF91ADF41A97CC9E00D01EBA /* RightAssociativity.h */ = {isa = PBXFileReference; lastKnownFileType = sourcecode.c.h; name = RightAssociativity.h; path = rule/rules/standard/RightAssociativity.h; sourceTree = "<group>"; };
		AF997E121A9CD5F400560932 /* Executor.h */ = {isa = PBXFileReference; lastKnownFileType = sourcecode.c.h; path = Executor.h; sourceTree = "<group>"; usesTabs = 1; };
		AF997E131A9F5EFC00560932 /* Operations.h */ = {isa = PBXFileReference; lastKnownFileType = sourcecode.c.h; name = Operations.h; path = op/Operations.h; sourceTree = "<group>"; usesTabs = 1; };
		AF99E4631A9287DB006D94C4 /* EquivalenceClass.h */ = {isa = PBXFileReference; lastKnownFileType = sourcecode.c.h; name = EquivalenceClass.h; path = plan/standard/EquivalenceClass.h; sourceTree = "<group>"; usesTabs = 1; };
		AF99E4641A929CBB006D94C4 /* PlanNode.h */ = {isa = PBXFileReference; lastKnownFileType = sourcecode.c.h; name = PlanNode.h; path = plan/standard/PlanNode.h; sourceTree = "<group>"; usesTabs = 1; };
		AF99E46E1A933B4F006D94C4 /* standardplantest */ = {isa = PBXFileReference; explicitFileType = "compiled.mach-o.executable"; includeInIndex = 0; path = standardplantest; sourceTree = BUILT_PRODUCTS_DIR; };
		AF99E4751A93672B006D94C4 /* Operator.h */ = {isa = PBXFileReference; lastKnownFileType = sourcecode.c.h; name = Operator.h; path = op/Operator.h; sourceTree = "<group>"; usesTabs = 1; };
		AF99E47B1A93964D006D94C4 /* Exceptions.h */ = {isa = PBXFileReference; lastKnownFileType = sourcecode.c.h; name = Exceptions.h; path = infra/Exceptions.h; sourceTree = "<group>"; usesTabs = 1; };
		AF99E47D1A939D0D006D94C4 /* Types.h */ = {isa = PBXFileReference; lastKnownFileType = sourcecode.c.h; name = Types.h; path = infra/Types.h; sourceTree = "<group>"; usesTabs = 1; };
		AF99E4801A93B0B0006D94C4 /* testJoin */ = {isa = PBXFileReference; lastKnownFileType = text; name = testJoin; path = queries/testJoin; sourceTree = "<group>"; };
		AFE455C81ADEBF500064F8CF /* Stopwatch.cpp */ = {isa = PBXFileReference; fileEncoding = 4; lastKnownFileType = sourcecode.cpp.cpp; name = Stopwatch.cpp; path = infra/Stopwatch.cpp; sourceTree = "<group>"; };
		AFE455C91ADEBF500064F8CF /* Stopwatch.h */ = {isa = PBXFileReference; fileEncoding = 4; lastKnownFileType = sourcecode.c.h; name = Stopwatch.h; path = infra/Stopwatch.h; sourceTree = "<group>"; };
		AFECC5BC1A8D011A00FA9D84 /* BitvectorSmall.h */ = {isa = PBXFileReference; lastKnownFileType = sourcecode.c.h; name = BitvectorSmall.h; path = infra/BitvectorSmall.h; sourceTree = "<group>"; };
		AFECC5BD1A8D011A00FA9D84 /* Hasher.h */ = {isa = PBXFileReference; lastKnownFileType = sourcecode.c.h; name = Hasher.h; path = infra/Hasher.h; sourceTree = "<group>"; };
		AFECC5BE1A8D011A00FA9D84 /* Reservoir.h */ = {isa = PBXFileReference; lastKnownFileType = sourcecode.c.h; name = Reservoir.h; path = infra/Reservoir.h; sourceTree = "<group>"; usesTabs = 1; };
		AFECC5C81A8D03D100FA9D84 /* Commutativity.h */ = {isa = PBXFileReference; lastKnownFileType = sourcecode.c.h; name = Commutativity.h; path = rule/rules/standard/Commutativity.h; sourceTree = "<group>"; };
		AFECC5CA1A8D041E00FA9D84 /* Rule.h */ = {isa = PBXFileReference; lastKnownFileType = sourcecode.c.h; name = Rule.h; path = rule/rules/Rule.h; sourceTree = "<group>"; };
		AFFF644A1AA5B11D0034AD55 /* RS_B2.h */ = {isa = PBXFileReference; lastKnownFileType = sourcecode.c.h; name = RS_B2.h; path = rule/rulesets/RS_B2.h; sourceTree = "<group>"; };
		AFFF644B1AA5B1B20034AD55 /* Commutativity_B2.h */ = {isa = PBXFileReference; lastKnownFileType = sourcecode.c.h; name = Commutativity_B2.h; path = rule/rules/b2/Commutativity_B2.h; sourceTree = "<group>"; };
		AFFF644C1AA5B1C80034AD55 /* LeftAssociativity_B2.h */ = {isa = PBXFileReference; lastKnownFileType = sourcecode.c.h; name = LeftAssociativity_B2.h; path = rule/rules/b2/LeftAssociativity_B2.h; sourceTree = "<group>"; usesTabs = 1; };
		AFFF644D1AA5B1E40034AD55 /* RightAssociativity_B2.h */ = {isa = PBXFileReference; lastKnownFileType = sourcecode.c.h; name = RightAssociativity_B2.h; path = rule/rules/b2/RightAssociativity_B2.h; sourceTree = "<group>"; };
		AFFF644E1AA5C11E0034AD55 /* Exchange_B2.h */ = {isa = PBXFileReference; lastKnownFileType = sourcecode.c.h; name = Exchange_B2.h; path = rule/rules/b2/Exchange_B2.h; sourceTree = "<group>"; };
		AFFF9B201AEE395B0095CBC1 /* GraphRule.h */ = {isa = PBXFileReference; lastKnownFileType = sourcecode.c.h; name = GraphRule.h; path = rule/rules/graphRule/GraphRule.h; sourceTree = "<group>"; };
		AFFF9B211AEE39810095CBC1 /* MinCutConservative.h */ = {isa = PBXFileReference; lastKnownFileType = sourcecode.c.h; name = MinCutConservative.h; path = rule/MinCutConservative.h; sourceTree = "<group>"; };
/* End PBXFileReference section */

/* Begin PBXFrameworksBuildPhase section */
		AF7515161A7F86440003FE5B /* Frameworks */ = {
			isa = PBXFrameworksBuildPhase;
			buildActionMask = 2147483647;
			files = (
			);
			runOnlyForDeploymentPostprocessing = 0;
		};
		AF99E46B1A933B4F006D94C4 /* Frameworks */ = {
			isa = PBXFrameworksBuildPhase;
			buildActionMask = 2147483647;
			files = (
			);
			runOnlyForDeploymentPostprocessing = 0;
		};
/* End PBXFrameworksBuildPhase section */

/* Begin PBXGroup section */
		AF07D15B1AD3DD8A0020A35A /* cost */ = {
			isa = PBXGroup;
			children = (
				AF07D15C1AD3DD9E0020A35A /* CostEstimator.h */,
			);
			name = cost;
			sourceTree = "<group>";
		};
		AF14C1D91A91F35000A4AEEF /* tests */ = {
			isa = PBXGroup;
			children = (
			);
			name = tests;
			sourceTree = "<group>";
		};
		AF7515101A7F86430003FE5B = {
			isa = PBXGroup;
			children = (
				AF75151B1A7F86440003FE5B /* RuleBasedOptimizer */,
				AF75151A1A7F86440003FE5B /* Products */,
			);
			sourceTree = "<group>";
		};
		AF75151A1A7F86440003FE5B /* Products */ = {
			isa = PBXGroup;
			children = (
				AF7515191A7F86440003FE5B /* RuleBasedOptimizer */,
				AF99E46E1A933B4F006D94C4 /* standardplantest */,
			);
			name = Products;
			sourceTree = "<group>";
		};
		AF75151B1A7F86440003FE5B /* RuleBasedOptimizer */ = {
			isa = PBXGroup;
			children = (
				AF07D15B1AD3DD8A0020A35A /* cost */,
				AF865C191AC2C00100D301D9 /* lib */,
				AF865C171AC2BE2C00D301D9 /* adaptor */,
				AF14C1D91A91F35000A4AEEF /* tests */,
				AFECC5B21A8D007D00FA9D84 /* infra */,
				AFECC5B11A8D007300FA9D84 /* op */,
				AFECC5B51A8D00A100FA9D84 /* rule */,
				AFECC5B41A8D009500FA9D84 /* pg */,
				AFECC5B31A8D008500FA9D84 /* qcon */,
				AFECC5B01A8D006B00FA9D84 /* plan */,
				AF75151C1A7F86440003FE5B /* main.cpp */,
				AF99E4801A93B0B0006D94C4 /* testJoin */,
				AF997E121A9CD5F400560932 /* Executor.h */,
			);
			path = RuleBasedOptimizer;
			sourceTree = "<group>";
		};
		AF7A36941AF0E863001A6AEA /* graphRule */ = {
			isa = PBXGroup;
			children = (
				AF7A36961AF0F3B1001A6AEA /* services */,
				AFFF9B201AEE395B0095CBC1 /* GraphRule.h */,
			);
			name = graphRule;
			sourceTree = "<group>";
		};
		AF7A36961AF0F3B1001A6AEA /* services */ = {
			isa = PBXGroup;
			children = (
				AF7A36971AF0F3BE001A6AEA /* partitioning */,
				AFFF9B211AEE39810095CBC1 /* MinCutConservative.h */,
			);
			name = services;
			sourceTree = "<group>";
		};
		AF7A36971AF0F3BE001A6AEA /* partitioning */ = {
			isa = PBXGroup;
			children = (
			);
			name = partitioning;
			sourceTree = "<group>";
		};
		AF865C171AC2BE2C00D301D9 /* adaptor */ = {
			isa = PBXGroup;
			children = (
				AF865C181AC2BE7A00D301D9 /* JSONAdaptor.h */,
				AF8222BF1AC425E600861B51 /* DotAdaptor.h */,
				AF8222C01AC5E2D000861B51 /* StringAdaptor.h */,
				AF07D1581AD3CF620020A35A /* DotParser.cpp */,
				AF07D1591AD3CF620020A35A /* DotParser.h */,
			);
			name = adaptor;
			sourceTree = "<group>";
		};
		AF865C191AC2C00100D301D9 /* lib */ = {
			isa = PBXGroup;
			children = (
				AFC03CAD1AFB5FFA00BA0A77 /* Easylogging */,
				AF865C1A1AC2C04700D301D9 /* json11 */,
			);
			name = lib;
			sourceTree = "<group>";
		};
		AF865C1A1AC2C04700D301D9 /* json11 */ = {
			isa = PBXGroup;
			children = (
				AF865C1B1AC2C05A00D301D9 /* json11.cpp */,
				AF865C1C1AC2C05A00D301D9 /* json11.hpp */,
			);
			name = json11;
			sourceTree = "<group>";
		};
		AF99E4671A933AB7006D94C4 /* standard */ = {
			isa = PBXGroup;
			children = (
				AF99E4631A9287DB006D94C4 /* EquivalenceClass.h */,
				AF99E4641A929CBB006D94C4 /* PlanNode.h */,
			);
			name = standard;
			sourceTree = "<group>";
		};
		AFC03CAD1AFB5FFA00BA0A77 /* Easylogging */ = {
			isa = PBXGroup;
			children = (
				AF5E20F81AFB60A40065A26D /* easylogging++.h */,
			);
			name = Easylogging;
			sourceTree = "<group>";
		};
		AFECC5B01A8D006B00FA9D84 /* plan */ = {
			isa = PBXGroup;
			children = (
				AF99E4671A933AB7006D94C4 /* standard */,
			);
			name = plan;
			sourceTree = "<group>";
		};
		AFECC5B11A8D007300FA9D84 /* op */ = {
			isa = PBXGroup;
			children = (
				AF99E4751A93672B006D94C4 /* Operator.h */,
				AF997E131A9F5EFC00560932 /* Operations.h */,
			);
			name = op;
			sourceTree = "<group>";
		};
		AFECC5B21A8D007D00FA9D84 /* infra */ = {
			isa = PBXGroup;
			children = (
				AFECC5BC1A8D011A00FA9D84 /* BitvectorSmall.h */,
				AFECC5BD1A8D011A00FA9D84 /* Hasher.h */,
				AFECC5BE1A8D011A00FA9D84 /* Reservoir.h */,
				AF99E47B1A93964D006D94C4 /* Exceptions.h */,
				AF99E47D1A939D0D006D94C4 /* Types.h */,
				AFE455C81ADEBF500064F8CF /* Stopwatch.cpp */,
				AFE455C91ADEBF500064F8CF /* Stopwatch.h */,
				AF6AE2DF1AE4F2FF00BDBC5F /* Configurator.h */,
				AF6AE2E11AE4F85700BDBC5F /* Configuration.h */,
			);
			name = infra;
			sourceTree = "<group>";
		};
		AFECC5B31A8D008500FA9D84 /* qcon */ = {
			isa = PBXGroup;
			children = (
			);
			name = qcon;
			sourceTree = "<group>";
		};
		AFECC5B41A8D009500FA9D84 /* pg */ = {
			isa = PBXGroup;
			children = (
			);
			name = pg;
			sourceTree = "<group>";
		};
		AFECC5B51A8D00A100FA9D84 /* rule */ = {
			isa = PBXGroup;
			children = (
				AFECC5B71A8D00B600FA9D84 /* rules */,
				AFECC5B61A8D00AB00FA9D84 /* rulesets */,
				AF14C2471A95FF7C00A4AEEF /* ExhaustiveTransformation.h */,
			);
			name = rule;
			sourceTree = "<group>";
		};
		AFECC5B61A8D00AB00FA9D84 /* rulesets */ = {
			isa = PBXGroup;
			children = (
				AF14C2421A92040100A4AEEF /* RuleSet.h */,
				AF6883841A9CB17300B6D1D7 /* RS_B0.h */,
				AF3B90A51AA2733900468CB5 /* RS_B1.h */,
				AFFF644A1AA5B11D0034AD55 /* RS_B2.h */,
				AF7A36951AF0E9BB001A6AEA /* GraphRuleSet.h */,
			);
			name = rulesets;
			sourceTree = "<group>";
		};
		AFECC5B71A8D00B600FA9D84 /* rules */ = {
			isa = PBXGroup;
			children = (
				AF7A36941AF0E863001A6AEA /* graphRule */,
				AFECC5CA1A8D041E00FA9D84 /* Rule.h */,
				AFFF64511AA5EA9F0034AD55 /* b2 */,
				AFFF644F1AA5EA810034AD55 /* standard */,
			);
			name = rules;
			sourceTree = "<group>";
		};
		AFFF644F1AA5EA810034AD55 /* standard */ = {
			isa = PBXGroup;
			children = (
				AFECC5C81A8D03D100FA9D84 /* Commutativity.h */,
				AF14C2411A9202DB00A4AEEF /* LeftAssociativity.h */,
				AF91ADF41A97CC9E00D01EBA /* RightAssociativity.h */,
			);
			name = standard;
			sourceTree = "<group>";
		};
		AFFF64511AA5EA9F0034AD55 /* b2 */ = {
			isa = PBXGroup;
			children = (
				AFFF644B1AA5B1B20034AD55 /* Commutativity_B2.h */,
				AFFF644C1AA5B1C80034AD55 /* LeftAssociativity_B2.h */,
				AFFF644D1AA5B1E40034AD55 /* RightAssociativity_B2.h */,
				AFFF644E1AA5C11E0034AD55 /* Exchange_B2.h */,
			);
			name = b2;
			sourceTree = "<group>";
		};
/* End PBXGroup section */

/* Begin PBXNativeTarget section */
		AF7515181A7F86440003FE5B /* RuleBasedOptimizer */ = {
			isa = PBXNativeTarget;
			buildConfigurationList = AF7515201A7F86440003FE5B /* Build configuration list for PBXNativeTarget "RuleBasedOptimizer" */;
			buildPhases = (
				AF7515151A7F86440003FE5B /* Sources */,
				AF7515161A7F86440003FE5B /* Frameworks */,
				AF7515171A7F86440003FE5B /* CopyFiles */,
			);
			buildRules = (
			);
			dependencies = (
			);
			name = RuleBasedOptimizer;
			productName = RuleBasedOptimizer;
			productReference = AF7515191A7F86440003FE5B /* RuleBasedOptimizer */;
			productType = "com.apple.product-type.tool";
		};
		AF99E46D1A933B4F006D94C4 /* standardplantest */ = {
			isa = PBXNativeTarget;
			buildConfigurationList = AF99E4721A933B4F006D94C4 /* Build configuration list for PBXNativeTarget "standardplantest" */;
			buildPhases = (
				AF99E46A1A933B4F006D94C4 /* Sources */,
				AF99E46B1A933B4F006D94C4 /* Frameworks */,
				AF99E46C1A933B4F006D94C4 /* CopyFiles */,
			);
			buildRules = (
			);
			dependencies = (
			);
			name = standardplantest;
			productName = standardplantest;
			productReference = AF99E46E1A933B4F006D94C4 /* standardplantest */;
			productType = "com.apple.product-type.tool";
		};
/* End PBXNativeTarget section */

/* Begin PBXProject section */
		AF7515111A7F86440003FE5B /* Project object */ = {
			isa = PBXProject;
			attributes = {
				LastUpgradeCheck = 0610;
				ORGANIZATIONNAME = "Christian Deckert";
				TargetAttributes = {
					AF7515181A7F86440003FE5B = {
						CreatedOnToolsVersion = 6.1.1;
					};
					AF99E46D1A933B4F006D94C4 = {
						CreatedOnToolsVersion = 6.1.1;
					};
				};
			};
			buildConfigurationList = AF7515141A7F86440003FE5B /* Build configuration list for PBXProject "RuleBasedOptimizer" */;
			compatibilityVersion = "Xcode 3.2";
			developmentRegion = English;
			hasScannedForEncodings = 0;
			knownRegions = (
				en,
			);
			mainGroup = AF7515101A7F86430003FE5B;
			productRefGroup = AF75151A1A7F86440003FE5B /* Products */;
			projectDirPath = "";
			projectRoot = "";
			targets = (
				AF7515181A7F86440003FE5B /* RuleBasedOptimizer */,
				AF99E46D1A933B4F006D94C4 /* standardplantest */,
			);
		};
/* End PBXProject section */

/* Begin PBXSourcesBuildPhase section */
		AF7515151A7F86440003FE5B /* Sources */ = {
			isa = PBXSourcesBuildPhase;
			buildActionMask = 2147483647;
			files = (
				AF75151D1A7F86440003FE5B /* main.cpp in Sources */,
				AF07D15A1AD3CF620020A35A /* DotParser.cpp in Sources */,
				AF865C1D1AC2C05A00D301D9 /* json11.cpp in Sources */,
				AFE455CA1ADEBF500064F8CF /* Stopwatch.cpp in Sources */,
			);
			runOnlyForDeploymentPostprocessing = 0;
		};
		AF99E46A1A933B4F006D94C4 /* Sources */ = {
			isa = PBXSourcesBuildPhase;
			buildActionMask = 2147483647;
			files = (
			);
			runOnlyForDeploymentPostprocessing = 0;
		};
/* End PBXSourcesBuildPhase section */

/* Begin XCBuildConfiguration section */
		AF75151E1A7F86440003FE5B /* Debug */ = {
			isa = XCBuildConfiguration;
			buildSettings = {
				ALWAYS_SEARCH_USER_PATHS = NO;
				CLANG_CXX_LANGUAGE_STANDARD = "c++0x";
				CLANG_CXX_LIBRARY = "libc++";
				CLANG_ENABLE_MODULES = YES;
				CLANG_ENABLE_OBJC_ARC = YES;
				CLANG_WARN_BOOL_CONVERSION = YES;
				CLANG_WARN_CONSTANT_CONVERSION = YES;
				CLANG_WARN_DIRECT_OBJC_ISA_USAGE = YES_ERROR;
				CLANG_WARN_EMPTY_BODY = YES;
				CLANG_WARN_ENUM_CONVERSION = YES;
				CLANG_WARN_INT_CONVERSION = YES;
				CLANG_WARN_OBJC_ROOT_CLASS = YES_ERROR;
				CLANG_WARN_UNREACHABLE_CODE = YES;
				CLANG_WARN__DUPLICATE_METHOD_MATCH = YES;
				COPY_PHASE_STRIP = NO;
				ENABLE_STRICT_OBJC_MSGSEND = YES;
				GCC_C_LANGUAGE_STANDARD = gnu99;
				GCC_DYNAMIC_NO_PIC = NO;
				GCC_OPTIMIZATION_LEVEL = 0;
				GCC_PREPROCESSOR_DEFINITIONS = (
					"DEBUG=1",
					"$(inherited)",
				);
				GCC_SYMBOLS_PRIVATE_EXTERN = NO;
				GCC_WARN_64_TO_32_BIT_CONVERSION = YES;
				GCC_WARN_ABOUT_RETURN_TYPE = YES_ERROR;
				GCC_WARN_UNDECLARED_SELECTOR = YES;
				GCC_WARN_UNINITIALIZED_AUTOS = YES_AGGRESSIVE;
				GCC_WARN_UNUSED_FUNCTION = YES;
				GCC_WARN_UNUSED_VARIABLE = YES;
				MACOSX_DEPLOYMENT_TARGET = 10.10;
				MTL_ENABLE_DEBUG_INFO = YES;
				ONLY_ACTIVE_ARCH = YES;
				SDKROOT = macosx;
			};
			name = Debug;
		};
		AF75151F1A7F86440003FE5B /* Release */ = {
			isa = XCBuildConfiguration;
			buildSettings = {
				ALWAYS_SEARCH_USER_PATHS = NO;
				CLANG_CXX_LANGUAGE_STANDARD = "c++0x";
				CLANG_CXX_LIBRARY = "libc++";
				CLANG_ENABLE_MODULES = YES;
				CLANG_ENABLE_OBJC_ARC = YES;
				CLANG_WARN_BOOL_CONVERSION = YES;
				CLANG_WARN_CONSTANT_CONVERSION = YES;
				CLANG_WARN_DIRECT_OBJC_ISA_USAGE = YES_ERROR;
				CLANG_WARN_EMPTY_BODY = YES;
				CLANG_WARN_ENUM_CONVERSION = YES;
				CLANG_WARN_INT_CONVERSION = YES;
				CLANG_WARN_OBJC_ROOT_CLASS = YES_ERROR;
				CLANG_WARN_UNREACHABLE_CODE = YES;
				CLANG_WARN__DUPLICATE_METHOD_MATCH = YES;
				COPY_PHASE_STRIP = YES;
				DEBUG_INFORMATION_FORMAT = "dwarf-with-dsym";
				ENABLE_NS_ASSERTIONS = NO;
				ENABLE_STRICT_OBJC_MSGSEND = YES;
				GCC_C_LANGUAGE_STANDARD = gnu99;
				GCC_WARN_64_TO_32_BIT_CONVERSION = YES;
				GCC_WARN_ABOUT_RETURN_TYPE = YES_ERROR;
				GCC_WARN_UNDECLARED_SELECTOR = YES;
				GCC_WARN_UNINITIALIZED_AUTOS = YES_AGGRESSIVE;
				GCC_WARN_UNUSED_FUNCTION = YES;
				GCC_WARN_UNUSED_VARIABLE = YES;
				MACOSX_DEPLOYMENT_TARGET = 10.10;
				MTL_ENABLE_DEBUG_INFO = NO;
				SDKROOT = macosx;
			};
			name = Release;
		};
		AF7515211A7F86440003FE5B /* Debug */ = {
			isa = XCBuildConfiguration;
			buildSettings = {
				PRODUCT_NAME = "$(TARGET_NAME)";
			};
			name = Debug;
		};
		AF7515221A7F86440003FE5B /* Release */ = {
			isa = XCBuildConfiguration;
			buildSettings = {
				CLANG_USE_OPTIMIZATION_PROFILE = YES;
				PRODUCT_NAME = "$(TARGET_NAME)";
			};
			name = Release;
		};
		AF99E4731A933B4F006D94C4 /* Debug */ = {
			isa = XCBuildConfiguration;
			buildSettings = {
				CLANG_CXX_LANGUAGE_STANDARD = "gnu++0x";
				GCC_PREPROCESSOR_DEFINITIONS = (
					"DEBUG=1",
					"$(inherited)",
				);
				PRODUCT_NAME = "$(TARGET_NAME)";
			};
			name = Debug;
		};
		AF99E4741A933B4F006D94C4 /* Release */ = {
			isa = XCBuildConfiguration;
			buildSettings = {
				CLANG_CXX_LANGUAGE_STANDARD = "gnu++0x";
				PRODUCT_NAME = "$(TARGET_NAME)";
			};
			name = Release;
		};
/* End XCBuildConfiguration section */

/* Begin XCConfigurationList section */
		AF7515141A7F86440003FE5B /* Build configuration list for PBXProject "RuleBasedOptimizer" */ = {
			isa = XCConfigurationList;
			buildConfigurations = (
				AF75151E1A7F86440003FE5B /* Debug */,
				AF75151F1A7F86440003FE5B /* Release */,
			);
			defaultConfigurationIsVisible = 0;
			defaultConfigurationName = Release;
		};
		AF7515201A7F86440003FE5B /* Build configuration list for PBXNativeTarget "RuleBasedOptimizer" */ = {
			isa = XCConfigurationList;
			buildConfigurations = (
				AF7515211A7F86440003FE5B /* Debug */,
				AF7515221A7F86440003FE5B /* Release */,
			);
			defaultConfigurationIsVisible = 0;
			defaultConfigurationName = Release;
		};
		AF99E4721A933B4F006D94C4 /* Build configuration list for PBXNativeTarget "standardplantest" */ = {
			isa = XCConfigurationList;
			buildConfigurations = (
				AF99E4731A933B4F006D94C4 /* Debug */,
				AF99E4741A933B4F006D94C4 /* Release */,
			);
			defaultConfigurationIsVisible = 0;
			defaultConfigurationName = Release;
		};
/* End XCConfigurationList section */
	};
	rootObject = AF7515111A7F86440003FE5B /* Project object */;
}
